
Microsoft Visual Studio Solution File, Format Version 12.00
# Visual Studio Version 17
VisualStudioVersion = 17.14.36109.1 d17.14
MinimumVisualStudioVersion = 10.0.40219.1
Project("{FAE04EC0-301F-11D3-BF4B-00C04F79EFBC}") = "ModelBinding&Validations[MVC&WebAPI]", "ModelBinding&Validations[MVC&WebAPI]\ModelBinding&Validations[MVC&WebAPI].csproj", "{57E939E1-D203-403E-ADAD-7F9C137E6258}"
EndProject
Global
	GlobalSection(SolutionConfigurationPlatforms) = preSolution
		Debug|Any CPU = Debug|Any CPU
		Release|Any CPU = Release|Any CPU
	EndGlobalSection
	GlobalSection(ProjectConfigurationPlatforms) = postSolution
		{57E939E1-D203-403E-ADAD-7F9C137E6258}.Debug|Any CPU.ActiveCfg = Debug|Any CPU
		{57E939E1-D203-403E-ADAD-7F9C137E6258}.Debug|Any CPU.Build.0 = Debug|Any CPU
		{57E939E1-D203-403E-ADAD-7F9C137E6258}.Release|Any CPU.ActiveCfg = Release|Any CPU
		{57E939E1-D203-403E-ADAD-7F9C137E6258}.Release|Any CPU.Build.0 = Release|Any CPU
	EndGlobalSection
	GlobalSection(SolutionProperties) = preSolution
		HideSolutionNode = FALSE
	EndGlobalSection
	GlobalSection(ExtensibilityGlobals) = postSolution
		SolutionGuid = {F075F4F8-8BAF-4494-A8BE-4CA4AB93312E}
	EndGlobalSection
EndGlobal
